
Microsoft Visual Studio Solution File, Format Version 12.00
# Visual Studio Version 17
VisualStudioVersion = 17.6.33801.468
MinimumVisualStudioVersion = 10.0.40219.1
Project("{FAE04EC0-301F-11D3-BF4B-00C04F79EFBC}") = "CarRacing", "CarRacing.csproj", "{4ED8DCFD-4D9C-43CD-BB53-F6478C418FBF}"
EndProject
Global
	GlobalSection(SolutionConfigurationPlatforms) = preSolution
		Debug|Any CPU = Debug|Any CPU
		Release|Any CPU = Release|Any CPU
	EndGlobalSection
	GlobalSection(ProjectConfigurationPlatforms) = postSolution
		{4ED8DCFD-4D9C-43CD-BB53-F6478C418FBF}.Debug|Any CPU.ActiveCfg = Debug|Any CPU
		{4ED8DCFD-4D9C-43CD-BB53-F6478C418FBF}.Debug|Any CPU.Build.0 = Debug|Any CPU
		{4ED8DCFD-4D9C-43CD-BB53-F6478C418FBF}.Release|Any CPU.ActiveCfg = Release|Any CPU
		{4ED8DCFD-4D9C-43CD-BB53-F6478C418FBF}.Release|Any CPU.Build.0 = Release|Any CPU
	EndGlobalSection
	GlobalSection(SolutionProperties) = preSolution
		HideSolutionNode = FALSE
	EndGlobalSection
	GlobalSection(ExtensibilityGlobals) = postSolution
		SolutionGuid = {A59A8344-2E4E-4C59-A9B8-3F493D743DC4}
	EndGlobalSection
EndGlobal
